{
    "name": "kant-core",
    "version": "0.2.0",
    "lockfileVersion": 3,
    "requires": true,
    "packages": {
        "": {
            "name": "kant-core",
            "version": "0.2.0",
            "dependencies": {
                "langium": "1.0.1",
                "vscode-languageserver": "8.0.2",
                "vscode-uri": "3.0.7"
            },
            "devDependencies": {
                "@relmify/jest-fp-ts": "^2.1.1",
                "@types/node": "^20.6.3"
            }
        },
        "node_modules/@babel/code-frame": {
            "version": "7.22.13",
            "resolved": "https://registry.npmjs.org/@babel/code-frame/-/code-frame-7.22.13.tgz",
            "integrity": "sha512-XktuhWlJ5g+3TJXc5upd9Ks1HutSArik6jf2eAjYFyIOf4ej3RN+184cZbzDvbPnuTJIUhPKKJE3cIsYTiAT3w==",
            "dev": true,
            "dependencies": {
                "@babel/highlight": "^7.22.13",
                "chalk": "^2.4.2"
            },
            "engines": {
                "node": ">=6.9.0"
            }
        },
        "node_modules/@babel/code-frame/node_modules/ansi-styles": {
            "version": "3.2.1",
            "resolved": "https://registry.npmjs.org/ansi-styles/-/ansi-styles-3.2.1.tgz",
            "integrity": "sha512-VT0ZI6kZRdTh8YyJw3SMbYm/u+NqfsAxEpWO0Pf9sq8/e94WxxOpPKx9FR1FlyCtOVDNOQ+8ntlqFxiRc+r5qA==",
            "dev": true,
            "dependencies": {
                "color-convert": "^1.9.0"
            },
            "engines": {
                "node": ">=4"
            }
        },
        "node_modules/@babel/code-frame/node_modules/chalk": {
            "version": "2.4.2",
            "resolved": "https://registry.npmjs.org/chalk/-/chalk-2.4.2.tgz",
            "integrity": "sha512-Mti+f9lpJNcwF4tWV8/OrTTtF1gZi+f8FqlyAdouralcFWFQWF2+NgCHShjkCb+IFBLq9buZwE1xckQU4peSuQ==",
            "dev": true,
            "dependencies": {
                "ansi-styles": "^3.2.1",
                "escape-string-regexp": "^1.0.5",
                "supports-color": "^5.3.0"
            },
            "engines": {
                "node": ">=4"
            }
        },
        "node_modules/@babel/code-frame/node_modules/color-convert": {
            "version": "1.9.3",
            "resolved": "https://registry.npmjs.org/color-convert/-/color-convert-1.9.3.tgz",
            "integrity": "sha512-QfAUtd+vFdAtFQcC8CCyYt1fYWxSqAiK2cSD6zDB8N3cpsEBAvRxp9zOGg6G/SHHJYAT88/az/IuDGALsNVbGg==",
            "dev": true,
            "dependencies": {
                "color-name": "1.1.3"
            }
        },
        "node_modules/@babel/code-frame/node_modules/color-name": {
            "version": "1.1.3",
            "resolved": "https://registry.npmjs.org/color-name/-/color-name-1.1.3.tgz",
            "integrity": "sha512-72fSenhMw2HZMTVHeCA9KCmpEIbzWiQsjN+BHcBbS9vr1mtt+vJjPdksIBNUmKAW8TFUDPJK5SUU3QhE9NEXDw==",
            "dev": true
        },
        "node_modules/@babel/code-frame/node_modules/escape-string-regexp": {
            "version": "1.0.5",
            "resolved": "https://registry.npmjs.org/escape-string-regexp/-/escape-string-regexp-1.0.5.tgz",
            "integrity": "sha512-vbRorB5FUQWvla16U8R/qgaFIya2qGzwDrNmCZuYKrbdSUMG6I1ZCGQRefkRVhuOkIGVne7BQ35DSfo1qvJqFg==",
            "dev": true,
            "engines": {
                "node": ">=0.8.0"
            }
        },
        "node_modules/@babel/code-frame/node_modules/has-flag": {
            "version": "3.0.0",
            "resolved": "https://registry.npmjs.org/has-flag/-/has-flag-3.0.0.tgz",
            "integrity": "sha512-sKJf1+ceQBr4SMkvQnBDNDtf4TXpVhVGateu0t918bl30FnbE2m4vNLX+VWe/dpjlb+HugGYzW7uQXH98HPEYw==",
            "dev": true,
            "engines": {
                "node": ">=4"
            }
        },
        "node_modules/@babel/code-frame/node_modules/supports-color": {
            "version": "5.5.0",
            "resolved": "https://registry.npmjs.org/supports-color/-/supports-color-5.5.0.tgz",
            "integrity": "sha512-QjVjwdXIt408MIiAqCX4oUKsgU2EqAGzs2Ppkm4aQYbjm+ZEWEcW4SfFNTr4uMNZma0ey4f5lgLrkB0aX0QMow==",
            "dev": true,
            "dependencies": {
                "has-flag": "^3.0.0"
            },
            "engines": {
                "node": ">=4"
            }
        },
        "node_modules/@babel/helper-validator-identifier": {
            "version": "7.22.20",
            "resolved": "https://registry.npmjs.org/@babel/helper-validator-identifier/-/helper-validator-identifier-7.22.20.tgz",
            "integrity": "sha512-Y4OZ+ytlatR8AI+8KZfKuL5urKp7qey08ha31L8b3BwewJAoJamTzyvxPR/5D+KkdJCGPq/+8TukHBlY10FX9A==",
            "dev": true,
            "engines": {
                "node": ">=6.9.0"
            }
        },
        "node_modules/@babel/highlight": {
            "version": "7.22.20",
            "resolved": "https://registry.npmjs.org/@babel/highlight/-/highlight-7.22.20.tgz",
            "integrity": "sha512-dkdMCN3py0+ksCgYmGG8jKeGA/8Tk+gJwSYYlFGxG5lmhfKNoAy004YpLxpS1W2J8m/EK2Ew+yOs9pVRwO89mg==",
            "dev": true,
            "dependencies": {
                "@babel/helper-validator-identifier": "^7.22.20",
                "chalk": "^2.4.2",
                "js-tokens": "^4.0.0"
            },
            "engines": {
                "node": ">=6.9.0"
            }
        },
        "node_modules/@babel/highlight/node_modules/ansi-styles": {
            "version": "3.2.1",
            "resolved": "https://registry.npmjs.org/ansi-styles/-/ansi-styles-3.2.1.tgz",
            "integrity": "sha512-VT0ZI6kZRdTh8YyJw3SMbYm/u+NqfsAxEpWO0Pf9sq8/e94WxxOpPKx9FR1FlyCtOVDNOQ+8ntlqFxiRc+r5qA==",
            "dev": true,
            "dependencies": {
                "color-convert": "^1.9.0"
            },
            "engines": {
                "node": ">=4"
            }
        },
        "node_modules/@babel/highlight/node_modules/chalk": {
            "version": "2.4.2",
            "resolved": "https://registry.npmjs.org/chalk/-/chalk-2.4.2.tgz",
            "integrity": "sha512-Mti+f9lpJNcwF4tWV8/OrTTtF1gZi+f8FqlyAdouralcFWFQWF2+NgCHShjkCb+IFBLq9buZwE1xckQU4peSuQ==",
            "dev": true,
            "dependencies": {
                "ansi-styles": "^3.2.1",
                "escape-string-regexp": "^1.0.5",
                "supports-color": "^5.3.0"
            },
            "engines": {
                "node": ">=4"
            }
        },
        "node_modules/@babel/highlight/node_modules/color-convert": {
            "version": "1.9.3",
            "resolved": "https://registry.npmjs.org/color-convert/-/color-convert-1.9.3.tgz",
            "integrity": "sha512-QfAUtd+vFdAtFQcC8CCyYt1fYWxSqAiK2cSD6zDB8N3cpsEBAvRxp9zOGg6G/SHHJYAT88/az/IuDGALsNVbGg==",
            "dev": true,
            "dependencies": {
                "color-name": "1.1.3"
            }
        },
        "node_modules/@babel/highlight/node_modules/color-name": {
            "version": "1.1.3",
            "resolved": "https://registry.npmjs.org/color-name/-/color-name-1.1.3.tgz",
            "integrity": "sha512-72fSenhMw2HZMTVHeCA9KCmpEIbzWiQsjN+BHcBbS9vr1mtt+vJjPdksIBNUmKAW8TFUDPJK5SUU3QhE9NEXDw==",
            "dev": true
        },
        "node_modules/@babel/highlight/node_modules/escape-string-regexp": {
            "version": "1.0.5",
            "resolved": "https://registry.npmjs.org/escape-string-regexp/-/escape-string-regexp-1.0.5.tgz",
            "integrity": "sha512-vbRorB5FUQWvla16U8R/qgaFIya2qGzwDrNmCZuYKrbdSUMG6I1ZCGQRefkRVhuOkIGVne7BQ35DSfo1qvJqFg==",
            "dev": true,
            "engines": {
                "node": ">=0.8.0"
            }
        },
        "node_modules/@babel/highlight/node_modules/has-flag": {
            "version": "3.0.0",
            "resolved": "https://registry.npmjs.org/has-flag/-/has-flag-3.0.0.tgz",
            "integrity": "sha512-sKJf1+ceQBr4SMkvQnBDNDtf4TXpVhVGateu0t918bl30FnbE2m4vNLX+VWe/dpjlb+HugGYzW7uQXH98HPEYw==",
            "dev": true,
            "engines": {
                "node": ">=4"
            }
        },
        "node_modules/@babel/highlight/node_modules/supports-color": {
            "version": "5.5.0",
            "resolved": "https://registry.npmjs.org/supports-color/-/supports-color-5.5.0.tgz",
            "integrity": "sha512-QjVjwdXIt408MIiAqCX4oUKsgU2EqAGzs2Ppkm4aQYbjm+ZEWEcW4SfFNTr4uMNZma0ey4f5lgLrkB0aX0QMow==",
            "dev": true,
            "dependencies": {
                "has-flag": "^3.0.0"
            },
            "engines": {
                "node": ">=4"
            }
        },
        "node_modules/@chevrotain/cst-dts-gen": {
            "version": "10.4.2",
            "resolved": "https://registry.npmjs.org/@chevrotain/cst-dts-gen/-/cst-dts-gen-10.4.2.tgz",
            "integrity": "sha512-0+4bNjlndNWMoVLH/+y4uHnf6GrTipsC+YTppJxelVJo+xeRVQ0s2PpkdDCVTsu7efyj+8r1gFiwVXsp6JZ0iQ==",
            "dependencies": {
                "@chevrotain/gast": "10.4.2",
                "@chevrotain/types": "10.4.2",
                "lodash": "4.17.21"
            }
        },
        "node_modules/@chevrotain/gast": {
            "version": "10.4.2",
            "resolved": "https://registry.npmjs.org/@chevrotain/gast/-/gast-10.4.2.tgz",
            "integrity": "sha512-4ZAn8/mjkmYonilSJ60gGj1tAF0cVWYUMlIGA0e4ATAc3a648aCnvpBw7zlPHDQjFp50XC13iyWEgWAKiRKTOA==",
            "dependencies": {
                "@chevrotain/types": "10.4.2",
                "lodash": "4.17.21"
            }
        },
        "node_modules/@chevrotain/types": {
            "version": "10.4.2",
            "resolved": "https://registry.npmjs.org/@chevrotain/types/-/types-10.4.2.tgz",
            "integrity": "sha512-QzSCjg6G4MvIoLeIgOiMR0IgzkGEQqrNJJIr3T5ETRa7l4Av4AMIiEctV99mvDr57iXwwk0/kr3RJxiU36Nevw=="
        },
        "node_modules/@chevrotain/utils": {
            "version": "10.4.2",
            "resolved": "https://registry.npmjs.org/@chevrotain/utils/-/utils-10.4.2.tgz",
            "integrity": "sha512-V34dacxWLwKcvcy32dx96ADJVdB7kOJLm7LyBkBQw5u5HC9WdEFw2G17zml+U3ivavGTrGPJHl8o9/UJm0PlUw=="
        },
        "node_modules/@jest/expect-utils": {
            "version": "29.7.0",
            "resolved": "https://registry.npmjs.org/@jest/expect-utils/-/expect-utils-29.7.0.tgz",
            "integrity": "sha512-GlsNBWiFQFCVi9QVSx7f5AgMeLxe9YCCs5PuP2O2LdjDAA8Jh9eX7lA1Jq/xdXw3Wb3hyvlFNfZIfcRetSzYcA==",
            "dev": true,
            "dependencies": {
                "jest-get-type": "^29.6.3"
            },
            "engines": {
                "node": "^14.15.0 || ^16.10.0 || >=18.0.0"
            }
        },
        "node_modules/@jest/schemas": {
            "version": "29.6.3",
            "resolved": "https://registry.npmjs.org/@jest/schemas/-/schemas-29.6.3.tgz",
            "integrity": "sha512-mo5j5X+jIZmJQveBKeS/clAueipV7KgiX1vMgCxam1RNYiqE1w62n0/tJJnHtjW8ZHcQco5gY85jA3mi0L+nSA==",
            "dev": true,
            "dependencies": {
                "@sinclair/typebox": "^0.27.8"
            },
            "engines": {
                "node": "^14.15.0 || ^16.10.0 || >=18.0.0"
            }
        },
        "node_modules/@jest/types": {
            "version": "29.6.3",
            "resolved": "https://registry.npmjs.org/@jest/types/-/types-29.6.3.tgz",
            "integrity": "sha512-u3UPsIilWKOM3F9CXtrG8LEJmNxwoCQC/XVj4IKYXvvpx7QIi/Kg1LI5uDmDpKlac62NUtX7eLjRh+jVZcLOzw==",
            "dev": true,
            "dependencies": {
                "@jest/schemas": "^29.6.3",
                "@types/istanbul-lib-coverage": "^2.0.0",
                "@types/istanbul-reports": "^3.0.0",
                "@types/node": "*",
                "@types/yargs": "^17.0.8",
                "chalk": "^4.0.0"
            },
            "engines": {
                "node": "^14.15.0 || ^16.10.0 || >=18.0.0"
            }
        },
        "node_modules/@relmify/jest-fp-ts": {
            "version": "2.1.1",
            "resolved": "https://registry.npmjs.org/@relmify/jest-fp-ts/-/jest-fp-ts-2.1.1.tgz",
            "integrity": "sha512-ljNGMAINGa8YjIjbkufx6qV0+1HRoX3yNJi92A/RSZifYJpaztqjNtYm9jvKPBmQuZtnkWv+Vik+zMa2rZI0TQ==",
            "dev": true,
            "dependencies": {
                "@jest/expect-utils": "^29.5.0",
                "expect": "^29.5.0",
                "jest-get-type": "^29.4.3",
                "jest-matcher-utils": "^29.5.0"
            },
            "peerDependencies": {
                "fp-ts": "2.x",
                "io-ts": "2.x"
            }
        },
        "node_modules/@sinclair/typebox": {
            "version": "0.27.8",
            "resolved": "https://registry.npmjs.org/@sinclair/typebox/-/typebox-0.27.8.tgz",
            "integrity": "sha512-+Fj43pSMwJs4KRrH/938Uf+uAELIgVBmQzg/q1YG10djyfA3TnrU8N8XzqCh/okZdszqBQTZf96idMfE5lnwTA==",
            "dev": true
        },
        "node_modules/@types/istanbul-lib-coverage": {
            "version": "2.0.4",
            "resolved": "https://registry.npmjs.org/@types/istanbul-lib-coverage/-/istanbul-lib-coverage-2.0.4.tgz",
            "integrity": "sha512-z/QT1XN4K4KYuslS23k62yDIDLwLFkzxOuMplDtObz0+y7VqJCaO2o+SPwHCvLFZh7xazvvoor2tA/hPz9ee7g==",
            "dev": true
        },
        "node_modules/@types/istanbul-lib-report": {
            "version": "3.0.0",
            "resolved": "https://registry.npmjs.org/@types/istanbul-lib-report/-/istanbul-lib-report-3.0.0.tgz",
            "integrity": "sha512-plGgXAPfVKFoYfa9NpYDAkseG+g6Jr294RqeqcqDixSbU34MZVJRi/P+7Y8GDpzkEwLaGZZOpKIEmeVZNtKsrg==",
            "dev": true,
            "dependencies": {
                "@types/istanbul-lib-coverage": "*"
            }
        },
        "node_modules/@types/istanbul-reports": {
            "version": "3.0.1",
            "resolved": "https://registry.npmjs.org/@types/istanbul-reports/-/istanbul-reports-3.0.1.tgz",
            "integrity": "sha512-c3mAZEuK0lvBp8tmuL74XRKn1+y2dcwOUpH7x4WrF6gk1GIgiluDRgMYQtw2OFcBvAJWlt6ASU3tSqxp0Uu0Aw==",
            "dev": true,
            "dependencies": {
                "@types/istanbul-lib-report": "*"
            }
        },
        "node_modules/@types/node": {
            "version": "20.6.3",
            "resolved": "https://registry.npmjs.org/@types/node/-/node-20.6.3.tgz",
            "integrity": "sha512-HksnYH4Ljr4VQgEy2lTStbCKv/P590tmPe5HqOnv9Gprffgv5WXAY+Y5Gqniu0GGqeTCUdBnzC3QSrzPkBkAMA==",
            "dev": true
        },
        "node_modules/@types/stack-utils": {
            "version": "2.0.1",
            "resolved": "https://registry.npmjs.org/@types/stack-utils/-/stack-utils-2.0.1.tgz",
            "integrity": "sha512-Hl219/BT5fLAaz6NDkSuhzasy49dwQS/DSdu4MdggFB8zcXv7vflBI3xp7FEmkmdDkBUI2bPUNeMttp2knYdxw==",
            "dev": true
        },
        "node_modules/@types/yargs": {
            "version": "17.0.24",
            "resolved": "https://registry.npmjs.org/@types/yargs/-/yargs-17.0.24.tgz",
            "integrity": "sha512-6i0aC7jV6QzQB8ne1joVZ0eSFIstHsCrobmOtghM11yGlH0j43FKL2UhWdELkyps0zuf7qVTUVCCR+tgSlyLLw==",
            "dev": true,
            "dependencies": {
                "@types/yargs-parser": "*"
            }
        },
        "node_modules/@types/yargs-parser": {
            "version": "21.0.0",
            "resolved": "https://registry.npmjs.org/@types/yargs-parser/-/yargs-parser-21.0.0.tgz",
            "integrity": "sha512-iO9ZQHkZxHn4mSakYV0vFHAVDyEOIJQrV2uZ06HxEPcx+mt8swXoZHIbaaJ2crJYFfErySgktuTZ3BeLz+XmFA==",
            "dev": true
        },
        "node_modules/ansi-styles": {
            "version": "4.3.0",
            "resolved": "https://registry.npmjs.org/ansi-styles/-/ansi-styles-4.3.0.tgz",
            "integrity": "sha512-zbB9rCJAT1rbjiVDb2hqKFHNYLxgtk8NURxZ3IZwD3F6NtxbXZQCnnSi1Lkx+IDohdPlFp222wVALIheZJQSEg==",
            "dev": true,
            "dependencies": {
                "color-convert": "^2.0.1"
            },
            "engines": {
                "node": ">=8"
            },
            "funding": {
                "url": "https://github.com/chalk/ansi-styles?sponsor=1"
            }
        },
        "node_modules/braces": {
            "version": "3.0.2",
            "resolved": "https://registry.npmjs.org/braces/-/braces-3.0.2.tgz",
            "integrity": "sha512-b8um+L1RzM3WDSzvhm6gIz1yfTbBt6YTlcEKAvsmqCZZFw46z626lVj9j1yEPW33H5H+lBQpZMP1k8l+78Ha0A==",
            "dev": true,
            "dependencies": {
                "fill-range": "^7.0.1"
            },
            "engines": {
                "node": ">=8"
            }
        },
        "node_modules/chalk": {
            "version": "4.1.2",
            "resolved": "https://registry.npmjs.org/chalk/-/chalk-4.1.2.tgz",
            "integrity": "sha512-oKnbhFyRIXpUuez8iBMmyEa4nbj4IOQyuhc/wy9kY7/WVPcwIO9VA668Pu8RkO7+0G76SLROeyw9CpQ061i4mA==",
            "dev": true,
            "dependencies": {
                "ansi-styles": "^4.1.0",
                "supports-color": "^7.1.0"
            },
            "engines": {
                "node": ">=10"
            },
            "funding": {
                "url": "https://github.com/chalk/chalk?sponsor=1"
            }
        },
        "node_modules/chevrotain": {
            "version": "10.4.2",
            "resolved": "https://registry.npmjs.org/chevrotain/-/chevrotain-10.4.2.tgz",
            "integrity": "sha512-gzF5GxE0Ckti5kZVuKEZycLntB5X2aj9RVY0r4/220GwQjdnljU+/t3kP74/FMWC7IzCDDEjQ9wsFUf0WCdSHg==",
            "dependencies": {
                "@chevrotain/cst-dts-gen": "10.4.2",
                "@chevrotain/gast": "10.4.2",
                "@chevrotain/types": "10.4.2",
                "@chevrotain/utils": "10.4.2",
                "lodash": "4.17.21",
                "regexp-to-ast": "0.5.0"
            }
        },
        "node_modules/chevrotain-allstar": {
            "version": "0.1.7",
            "resolved": "https://registry.npmjs.org/chevrotain-allstar/-/chevrotain-allstar-0.1.7.tgz",
            "integrity": "sha512-oMSHkXVCDQxnj3tDCqcEoMnNIEiYlAYT0FVja1PaLrT3njXGvg5JXTXs/tk2NI42SR3LMJyqTNgjR4VyDIf19w==",
            "dependencies": {
                "lodash": "^4.17.21"
            },
            "peerDependencies": {
                "chevrotain": "~10.4.1"
            }
        },
        "node_modules/ci-info": {
            "version": "3.8.0",
            "resolved": "https://registry.npmjs.org/ci-info/-/ci-info-3.8.0.tgz",
            "integrity": "sha512-eXTggHWSooYhq49F2opQhuHWgzucfF2YgODK4e1566GQs5BIfP30B0oenwBJHfWxAs2fyPB1s7Mg949zLf61Yw==",
            "dev": true,
            "funding": [
                {
                    "type": "github",
                    "url": "https://github.com/sponsors/sibiraj-s"
                }
            ],
            "engines": {
                "node": ">=8"
            }
        },
        "node_modules/color-convert": {
            "version": "2.0.1",
            "resolved": "https://registry.npmjs.org/color-convert/-/color-convert-2.0.1.tgz",
            "integrity": "sha512-RRECPsj7iu/xb5oKYcsFHSppFNnsj/52OVTRKb4zP5onXwVF3zVmmToNcOfGC+CRDpfK/U584fMg38ZHCaElKQ==",
            "dev": true,
            "dependencies": {
                "color-name": "~1.1.4"
            },
            "engines": {
                "node": ">=7.0.0"
            }
        },
        "node_modules/color-name": {
            "version": "1.1.4",
            "resolved": "https://registry.npmjs.org/color-name/-/color-name-1.1.4.tgz",
            "integrity": "sha512-dOy+3AuW3a2wNbZHIuMZpTcgjGuLU/uBL/ubcZF9OXbDo8ff4O8yVp5Bf0efS8uEoYo5q4Fx7dY9OgQGXgAsQA==",
            "dev": true
        },
        "node_modules/diff-sequences": {
            "version": "29.6.3",
            "resolved": "https://registry.npmjs.org/diff-sequences/-/diff-sequences-29.6.3.tgz",
            "integrity": "sha512-EjePK1srD3P08o2j4f0ExnylqRs5B9tJjcp9t1krH2qRi8CCdsYfwe9JgSLurFBWwq4uOlipzfk5fHNvwFKr8Q==",
            "dev": true,
            "engines": {
                "node": "^14.15.0 || ^16.10.0 || >=18.0.0"
            }
        },
        "node_modules/escape-string-regexp": {
            "version": "2.0.0",
            "resolved": "https://registry.npmjs.org/escape-string-regexp/-/escape-string-regexp-2.0.0.tgz",
            "integrity": "sha512-UpzcLCXolUWcNu5HtVMHYdXJjArjsF9C0aNnquZYY4uW/Vu0miy5YoWvbV345HauVvcAUnpRuhMMcqTcGOY2+w==",
            "dev": true,
            "engines": {
                "node": ">=8"
            }
        },
        "node_modules/expect": {
            "version": "29.7.0",
            "resolved": "https://registry.npmjs.org/expect/-/expect-29.7.0.tgz",
            "integrity": "sha512-2Zks0hf1VLFYI1kbh0I5jP3KHHyCHpkfyHBzsSXRFgl/Bg9mWYfMW8oD+PdMPlEwy5HNsR9JutYy6pMeOh61nw==",
            "dev": true,
            "dependencies": {
                "@jest/expect-utils": "^29.7.0",
                "jest-get-type": "^29.6.3",
                "jest-matcher-utils": "^29.7.0",
                "jest-message-util": "^29.7.0",
                "jest-util": "^29.7.0"
            },
            "engines": {
                "node": "^14.15.0 || ^16.10.0 || >=18.0.0"
            }
        },
        "node_modules/fill-range": {
            "version": "7.0.1",
            "resolved": "https://registry.npmjs.org/fill-range/-/fill-range-7.0.1.tgz",
            "integrity": "sha512-qOo9F+dMUmC2Lcb4BbVvnKJxTPjCm+RRpe4gDuGrzkL7mEVl/djYSu2OdQ2Pa302N4oqkSg9ir6jaLWJ2USVpQ==",
            "dev": true,
            "dependencies": {
                "to-regex-range": "^5.0.1"
            },
            "engines": {
                "node": ">=8"
            }
        },
        "node_modules/fp-ts": {
            "version": "2.16.1",
            "resolved": "https://registry.npmjs.org/fp-ts/-/fp-ts-2.16.1.tgz",
            "integrity": "sha512-by7U5W8dkIzcvDofUcO42yl9JbnHTEDBrzu3pt5fKT+Z4Oy85I21K80EYJYdjQGC2qum4Vo55Ag57iiIK4FYuA==",
            "dev": true,
            "peer": true
        },
        "node_modules/graceful-fs": {
            "version": "4.2.11",
            "resolved": "https://registry.npmjs.org/graceful-fs/-/graceful-fs-4.2.11.tgz",
            "integrity": "sha512-RbJ5/jmFcNNCcDV5o9eTnBLJ/HszWV0P73bc+Ff4nS/rJj+YaS6IGyiOL0VoBYX+l1Wrl3k63h/KrH+nhJ0XvQ==",
            "dev": true
        },
        "node_modules/has-flag": {
            "version": "4.0.0",
            "resolved": "https://registry.npmjs.org/has-flag/-/has-flag-4.0.0.tgz",
            "integrity": "sha512-EykJT/Q1KjTWctppgIAgfSO0tKVuZUjhgMr17kqTumMl6Afv3EISleU7qZUzoXDFTAHTDC4NOoG/ZxU3EvlMPQ==",
            "dev": true,
            "engines": {
                "node": ">=8"
            }
        },
        "node_modules/io-ts": {
            "version": "2.2.20",
            "resolved": "https://registry.npmjs.org/io-ts/-/io-ts-2.2.20.tgz",
            "integrity": "sha512-Rq2BsYmtwS5vVttie4rqrOCIfHCS9TgpRLFpKQCM1wZBBRY9nWVGmEvm2FnDbSE2un1UE39DvFpTR5UL47YDcA==",
            "dev": true,
            "peer": true,
            "peerDependencies": {
                "fp-ts": "^2.5.0"
            }
        },
        "node_modules/is-number": {
            "version": "7.0.0",
            "resolved": "https://registry.npmjs.org/is-number/-/is-number-7.0.0.tgz",
            "integrity": "sha512-41Cifkg6e8TylSpdtTpeLVMqvSBEVzTttHvERD741+pnZ8ANv0004MRL43QKPDlK9cGvNp6NZWZUBlbGXYxxng==",
            "dev": true,
            "engines": {
                "node": ">=0.12.0"
            }
        },
        "node_modules/jest-diff": {
            "version": "29.7.0",
            "resolved": "https://registry.npmjs.org/jest-diff/-/jest-diff-29.7.0.tgz",
            "integrity": "sha512-LMIgiIrhigmPrs03JHpxUh2yISK3vLFPkAodPeo0+BuF7wA2FoQbkEg1u8gBYBThncu7e1oEDUfIXVuTqLRUjw==",
            "dev": true,
            "dependencies": {
                "chalk": "^4.0.0",
                "diff-sequences": "^29.6.3",
                "jest-get-type": "^29.6.3",
                "pretty-format": "^29.7.0"
            },
            "engines": {
                "node": "^14.15.0 || ^16.10.0 || >=18.0.0"
            }
        },
        "node_modules/jest-get-type": {
            "version": "29.6.3",
            "resolved": "https://registry.npmjs.org/jest-get-type/-/jest-get-type-29.6.3.tgz",
            "integrity": "sha512-zrteXnqYxfQh7l5FHyL38jL39di8H8rHoecLH3JNxH3BwOrBsNeabdap5e0I23lD4HHI8W5VFBZqG4Eaq5LNcw==",
            "dev": true,
            "engines": {
                "node": "^14.15.0 || ^16.10.0 || >=18.0.0"
            }
        },
        "node_modules/jest-matcher-utils": {
            "version": "29.7.0",
            "resolved": "https://registry.npmjs.org/jest-matcher-utils/-/jest-matcher-utils-29.7.0.tgz",
            "integrity": "sha512-sBkD+Xi9DtcChsI3L3u0+N0opgPYnCRPtGcQYrgXmR+hmt/fYfWAL0xRXYU8eWOdfuLgBe0YCW3AFtnRLagq/g==",
            "dev": true,
            "dependencies": {
                "chalk": "^4.0.0",
                "jest-diff": "^29.7.0",
                "jest-get-type": "^29.6.3",
                "pretty-format": "^29.7.0"
            },
            "engines": {
                "node": "^14.15.0 || ^16.10.0 || >=18.0.0"
            }
        },
        "node_modules/jest-message-util": {
            "version": "29.7.0",
            "resolved": "https://registry.npmjs.org/jest-message-util/-/jest-message-util-29.7.0.tgz",
            "integrity": "sha512-GBEV4GRADeP+qtB2+6u61stea8mGcOT4mCtrYISZwfu9/ISHFJ/5zOMXYbpBE9RsS5+Gb63DW4FgmnKJ79Kf6w==",
            "dev": true,
            "dependencies": {
                "@babel/code-frame": "^7.12.13",
                "@jest/types": "^29.6.3",
                "@types/stack-utils": "^2.0.0",
                "chalk": "^4.0.0",
                "graceful-fs": "^4.2.9",
                "micromatch": "^4.0.4",
                "pretty-format": "^29.7.0",
                "slash": "^3.0.0",
                "stack-utils": "^2.0.3"
            },
            "engines": {
                "node": "^14.15.0 || ^16.10.0 || >=18.0.0"
            }
        },
        "node_modules/jest-util": {
            "version": "29.7.0",
            "resolved": "https://registry.npmjs.org/jest-util/-/jest-util-29.7.0.tgz",
            "integrity": "sha512-z6EbKajIpqGKU56y5KBUgy1dt1ihhQJgWzUlZHArA/+X2ad7Cb5iF+AK1EWVL/Bo7Rz9uurpqw6SiBCefUbCGA==",
            "dev": true,
            "dependencies": {
                "@jest/types": "^29.6.3",
                "@types/node": "*",
                "chalk": "^4.0.0",
                "ci-info": "^3.2.0",
                "graceful-fs": "^4.2.9",
                "picomatch": "^2.2.3"
            },
            "engines": {
                "node": "^14.15.0 || ^16.10.0 || >=18.0.0"
            }
        },
        "node_modules/js-tokens": {
            "version": "4.0.0",
            "resolved": "https://registry.npmjs.org/js-tokens/-/js-tokens-4.0.0.tgz",
            "integrity": "sha512-RdJUflcE3cUzKiMqQgsCu06FPu9UdIJO0beYbPhHN4k6apgJtifcoCtT9bcxOpYBtpD2kCM6Sbzg4CausW/PKQ==",
            "dev": true
        },
        "node_modules/langium": {
            "version": "1.0.1",
            "resolved": "https://registry.npmjs.org/langium/-/langium-1.0.1.tgz",
            "integrity": "sha512-9w5NRsspYOOXV56q1EhXeFJWkboAVKZDzIEqPLraMQPQy6fvq104wlVwgvF6w9H4IcCpDHCsHJLsfzQMWBsjAA==",
            "dependencies": {
                "chevrotain": "^10.4.1",
                "chevrotain-allstar": "^0.1.1",
                "vscode-languageserver": "^8.0.2",
                "vscode-languageserver-textdocument": "^1.0.7",
                "vscode-uri": "^3.0.2"
            },
            "engines": {
                "node": ">=14.0.0"
            }
        },
        "node_modules/lodash": {
            "version": "4.17.21",
            "resolved": "https://registry.npmjs.org/lodash/-/lodash-4.17.21.tgz",
            "integrity": "sha512-v2kDEe57lecTulaDIuNTPy3Ry4gLGJ6Z1O3vE1krgXZNrsQ+LFTGHVxVjcXPs17LhbZVGedAJv8XZ1tvj5FvSg=="
        },
        "node_modules/micromatch": {
            "version": "4.0.5",
            "resolved": "https://registry.npmjs.org/micromatch/-/micromatch-4.0.5.tgz",
            "integrity": "sha512-DMy+ERcEW2q8Z2Po+WNXuw3c5YaUSFjAO5GsJqfEl7UjvtIuFKO6ZrKvcItdy98dwFI2N1tg3zNIdKaQT+aNdA==",
            "dev": true,
            "dependencies": {
                "braces": "^3.0.2",
                "picomatch": "^2.3.1"
            },
            "engines": {
                "node": ">=8.6"
            }
        },
        "node_modules/picomatch": {
            "version": "2.3.1",
            "resolved": "https://registry.npmjs.org/picomatch/-/picomatch-2.3.1.tgz",
            "integrity": "sha512-JU3teHTNjmE2VCGFzuY8EXzCDVwEqB2a8fsIvwaStHhAWJEeVd1o1QD80CU6+ZdEXXSLbSsuLwJjkCBWqRQUVA==",
            "dev": true,
            "engines": {
                "node": ">=8.6"
            },
            "funding": {
                "url": "https://github.com/sponsors/jonschlinkert"
            }
        },
        "node_modules/pretty-format": {
            "version": "29.7.0",
            "resolved": "https://registry.npmjs.org/pretty-format/-/pretty-format-29.7.0.tgz",
            "integrity": "sha512-Pdlw/oPxN+aXdmM9R00JVC9WVFoCLTKJvDVLgmJ+qAffBMxsV85l/Lu7sNx4zSzPyoL2euImuEwHhOXdEgNFZQ==",
            "dev": true,
            "dependencies": {
                "@jest/schemas": "^29.6.3",
                "ansi-styles": "^5.0.0",
                "react-is": "^18.0.0"
            },
            "engines": {
                "node": "^14.15.0 || ^16.10.0 || >=18.0.0"
            }
        },
        "node_modules/pretty-format/node_modules/ansi-styles": {
            "version": "5.2.0",
            "resolved": "https://registry.npmjs.org/ansi-styles/-/ansi-styles-5.2.0.tgz",
            "integrity": "sha512-Cxwpt2SfTzTtXcfOlzGEee8O+c+MmUgGrNiBcXnuWxuFJHe6a5Hz7qwhwe5OgaSYI0IJvkLqWX1ASG+cJOkEiA==",
            "dev": true,
            "engines": {
                "node": ">=10"
            },
            "funding": {
                "url": "https://github.com/chalk/ansi-styles?sponsor=1"
            }
        },
        "node_modules/react-is": {
            "version": "18.2.0",
            "resolved": "https://registry.npmjs.org/react-is/-/react-is-18.2.0.tgz",
            "integrity": "sha512-xWGDIW6x921xtzPkhiULtthJHoJvBbF3q26fzloPCK0hsvxtPVelvftw3zjbHWSkR2km9Z+4uxbDDK/6Zw9B8w==",
            "dev": true
        },
        "node_modules/regexp-to-ast": {
            "version": "0.5.0",
            "resolved": "https://registry.npmjs.org/regexp-to-ast/-/regexp-to-ast-0.5.0.tgz",
            "integrity": "sha512-tlbJqcMHnPKI9zSrystikWKwHkBqu2a/Sgw01h3zFjvYrMxEDYHzzoMZnUrbIfpTFEsoRnnviOXNCzFiSc54Qw=="
        },
        "node_modules/slash": {
            "version": "3.0.0",
            "resolved": "https://registry.npmjs.org/slash/-/slash-3.0.0.tgz",
            "integrity": "sha512-g9Q1haeby36OSStwb4ntCGGGaKsaVSjQ68fBxoQcutl5fS1vuY18H3wSt3jFyFtrkx+Kz0V1G85A4MyAdDMi2Q==",
            "dev": true,
            "engines": {
                "node": ">=8"
            }
        },
        "node_modules/stack-utils": {
            "version": "2.0.6",
            "resolved": "https://registry.npmjs.org/stack-utils/-/stack-utils-2.0.6.tgz",
            "integrity": "sha512-XlkWvfIm6RmsWtNJx+uqtKLS8eqFbxUg0ZzLXqY0caEy9l7hruX8IpiDnjsLavoBgqCCR71TqWO8MaXYheJ3RQ==",
            "dev": true,
            "dependencies": {
                "escape-string-regexp": "^2.0.0"
            },
            "engines": {
                "node": ">=10"
            }
        },
        "node_modules/supports-color": {
            "version": "7.2.0",
            "resolved": "https://registry.npmjs.org/supports-color/-/supports-color-7.2.0.tgz",
            "integrity": "sha512-qpCAvRl9stuOHveKsn7HncJRvv501qIacKzQlO/+Lwxc9+0q2wLyv4Dfvt80/DPn2pqOBsJdDiogXGR9+OvwRw==",
            "dev": true,
            "dependencies": {
                "has-flag": "^4.0.0"
            },
            "engines": {
                "node": ">=8"
            }
        },
        "node_modules/to-regex-range": {
            "version": "5.0.1",
            "resolved": "https://registry.npmjs.org/to-regex-range/-/to-regex-range-5.0.1.tgz",
            "integrity": "sha512-65P7iz6X5yEr1cwcgvQxbbIw7Uk3gOy5dIdtZ4rDveLqhrdJP+Li/Hx6tyK0NEb+2GCyneCMJiGqrADCSNk8sQ==",
            "dev": true,
            "dependencies": {
                "is-number": "^7.0.0"
            },
            "engines": {
                "node": ">=8.0"
            }
        },
        "node_modules/vscode-jsonrpc": {
            "version": "8.0.2",
            "resolved": "https://registry.npmjs.org/vscode-jsonrpc/-/vscode-jsonrpc-8.0.2.tgz",
            "integrity": "sha512-RY7HwI/ydoC1Wwg4gJ3y6LpU9FJRZAUnTYMXthqhFXXu77ErDd/xkREpGuk4MyYkk4a+XDWAMqe0S3KkelYQEQ==",
            "engines": {
                "node": ">=14.0.0"
            }
        },
        "node_modules/vscode-languageserver": {
            "version": "8.0.2",
            "resolved": "https://registry.npmjs.org/vscode-languageserver/-/vscode-languageserver-8.0.2.tgz",
            "integrity": "sha512-bpEt2ggPxKzsAOZlXmCJ50bV7VrxwCS5BI4+egUmure/oI/t4OlFzi/YNtVvY24A2UDOZAgwFGgnZPwqSJubkA==",
            "dependencies": {
                "vscode-languageserver-protocol": "3.17.2"
            },
            "bin": {
                "installServerIntoExtension": "bin/installServerIntoExtension"
            }
        },
        "node_modules/vscode-languageserver-protocol": {
            "version": "3.17.2",
            "resolved": "https://registry.npmjs.org/vscode-languageserver-protocol/-/vscode-languageserver-protocol-3.17.2.tgz",
            "integrity": "sha512-8kYisQ3z/SQ2kyjlNeQxbkkTNmVFoQCqkmGrzLH6A9ecPlgTbp3wDTnUNqaUxYr4vlAcloxx8zwy7G5WdguYNg==",
            "dependencies": {
                "vscode-jsonrpc": "8.0.2",
                "vscode-languageserver-types": "3.17.2"
            }
        },
        "node_modules/vscode-languageserver-textdocument": {
            "version": "1.0.8",
            "resolved": "https://registry.npmjs.org/vscode-languageserver-textdocument/-/vscode-languageserver-textdocument-1.0.8.tgz",
            "integrity": "sha512-1bonkGqQs5/fxGT5UchTgjGVnfysL0O8v1AYMBjqTbWQTFn721zaPGDYFkOKtfDgFiSgXM3KwaG3FMGfW4Ed9Q=="
        },
        "node_modules/vscode-languageserver-types": {
            "version": "3.17.2",
            "resolved": "https://registry.npmjs.org/vscode-languageserver-types/-/vscode-languageserver-types-3.17.2.tgz",
            "integrity": "sha512-zHhCWatviizPIq9B7Vh9uvrH6x3sK8itC84HkamnBWoDFJtzBf7SWlpLCZUit72b3os45h6RWQNC9xHRDF8dRA=="
        },
        "node_modules/vscode-uri": {
            "version": "3.0.7",
            "resolved": "https://registry.npmjs.org/vscode-uri/-/vscode-uri-3.0.7.tgz",
            "integrity": "sha512-eOpPHogvorZRobNqJGhapa0JdwaxpjVvyBp0QIUMRMSf8ZAlqOdEquKuRmw9Qwu0qXtJIWqFtMkmvJjUZmMjVA=="
        }
    }
}
